
Microsoft Visual Studio Solution File, Format Version 12.00
Project("{FAE04EC0-301F-11D3-BF4B-00C04F79EFBC}") = "ddeploy.ui", "ddeploy.ui\ddeploy.ui.csproj", "{DE776980-E79E-49A2-A96D-619E63F0B775}"
EndProject
Global
	GlobalSection(SolutionConfigurationPlatforms) = preSolution
		Debug|Any CPU = Debug|Any CPU
		Release|Any CPU = Release|Any CPU
	EndGlobalSection
	GlobalSection(ProjectConfigurationPlatforms) = postSolution
		{DE776980-E79E-49A2-A96D-619E63F0B775}.Debug|Any CPU.ActiveCfg = Debug|Any CPU
		{DE776980-E79E-49A2-A96D-619E63F0B775}.Debug|Any CPU.Build.0 = Debug|Any CPU
		{DE776980-E79E-49A2-A96D-619E63F0B775}.Release|Any CPU.ActiveCfg = Release|Any CPU
		{DE776980-E79E-49A2-A96D-619E63F0B775}.Release|Any CPU.Build.0 = Release|Any CPU
	EndGlobalSection
EndGlobal
